// !$*UTF8*$!
{
	archiveVersion = 1;
	classes = {
	};
	objectVersion = 52;
	objects = {

/* Begin PBXBuildFile section */
		6A02D5E624655B42001E0C1E /* APIRequest in Frameworks */ = {isa = PBXBuildFile; productRef = 6A02D5E524655B42001E0C1E /* APIRequest */; };
		6A643637243DF56300E6FF0D /* ClassBotConfiguration.swift in Sources */ = {isa = PBXBuildFile; fileRef = 6A643636243DF56300E6FF0D /* ClassBotConfiguration.swift */; };
		6A643639243E015400E6FF0D /* Classe.swift in Sources */ = {isa = PBXBuildFile; fileRef = 6A643638243E015300E6FF0D /* Classe.swift */; };
		6A7EA850243903D6001995C6 /* AppDelegate.swift in Sources */ = {isa = PBXBuildFile; fileRef = 6A7EA84F243903D6001995C6 /* AppDelegate.swift */; };
		6A7EA859243903D7001995C6 /* Assets.xcassets in Resources */ = {isa = PBXBuildFile; fileRef = 6A7EA858243903D7001995C6 /* Assets.xcassets */; };
		6A7EA85C243903D7001995C6 /* LaunchScreen.storyboard in Resources */ = {isa = PBXBuildFile; fileRef = 6A7EA85A243903D7001995C6 /* LaunchScreen.storyboard */; };
		6A7EA864243904DF001995C6 /* HomeTableViewController.swift in Sources */ = {isa = PBXBuildFile; fileRef = 6A7EA863243904DF001995C6 /* HomeTableViewController.swift */; };
		6A7EA8692439055B001995C6 /* APIList.swift in Sources */ = {isa = PBXBuildFile; fileRef = 6A7EA8682439055B001995C6 /* APIList.swift */; };
		6A7EA86B2439057C001995C6 /* Cours.swift in Sources */ = {isa = PBXBuildFile; fileRef = 6A7EA86A2439057C001995C6 /* Cours.swift */; };
		6A7EA86D24390585001995C6 /* Devoirs.swift in Sources */ = {isa = PBXBuildFile; fileRef = 6A7EA86C24390585001995C6 /* Devoirs.swift */; };
		6A92175E2439AC750031C968 /* LabelTableViewCell.swift in Sources */ = {isa = PBXBuildFile; fileRef = 6A92175D2439AC750031C968 /* LabelTableViewCell.swift */; };
		6A9217602439AC8F0031C968 /* CoursTableViewCell.swift in Sources */ = {isa = PBXBuildFile; fileRef = 6A92175F2439AC8F0031C968 /* CoursTableViewCell.swift */; };
		6A9217622439AE350031C968 /* DevoirsTableViewCell.swift in Sources */ = {isa = PBXBuildFile; fileRef = 6A9217612439AE350031C968 /* DevoirsTableViewCell.swift */; };
		6A9217652439AFC50031C968 /* StringExtension.swift in Sources */ = {isa = PBXBuildFile; fileRef = 6A9217642439AFC50031C968 /* StringExtension.swift */; };
		6A9217672439B0040031C968 /* DateExtension.swift in Sources */ = {isa = PBXBuildFile; fileRef = 6A9217662439B0040031C968 /* DateExtension.swift */; };
		6A92176A2439B50D0031C968 /* Localizable.strings in Resources */ = {isa = PBXBuildFile; fileRef = 6A92176C2439B50D0031C968 /* Localizable.strings */; };
		6A92176F2439B68E0031C968 /* ConfigurationViewController.swift in Sources */ = {isa = PBXBuildFile; fileRef = 6A92176E2439B68E0031C968 /* ConfigurationViewController.swift */; };
		6A9217712439B6AC0031C968 /* UIColorExtension.swift in Sources */ = {isa = PBXBuildFile; fileRef = 6A9217702439B6AC0031C968 /* UIColorExtension.swift */; };
		6A9217732439BD5D0031C968 /* APIVerification.swift in Sources */ = {isa = PBXBuildFile; fileRef = 6A9217722439BD5D0031C968 /* APIVerification.swift */; };
/* End PBXBuildFile section */

/* Begin PBXFileReference section */
		6A643636243DF56300E6FF0D /* ClassBotConfiguration.swift */ = {isa = PBXFileReference; lastKnownFileType = sourcecode.swift; path = ClassBotConfiguration.swift; sourceTree = "<group>"; };
		6A643638243E015300E6FF0D /* Classe.swift */ = {isa = PBXFileReference; lastKnownFileType = sourcecode.swift; path = Classe.swift; sourceTree = "<group>"; };
		6A7EA84C243903D6001995C6 /* ClassBot.app */ = {isa = PBXFileReference; explicitFileType = wrapper.application; includeInIndex = 0; path = ClassBot.app; sourceTree = BUILT_PRODUCTS_DIR; };
		6A7EA84F243903D6001995C6 /* AppDelegate.swift */ = {isa = PBXFileReference; lastKnownFileType = sourcecode.swift; path = AppDelegate.swift; sourceTree = "<group>"; };
		6A7EA858243903D7001995C6 /* Assets.xcassets */ = {isa = PBXFileReference; lastKnownFileType = folder.assetcatalog; path = Assets.xcassets; sourceTree = "<group>"; };
		6A7EA85B243903D7001995C6 /* Base */ = {isa = PBXFileReference; lastKnownFileType = file.storyboard; name = Base; path = Base.lproj/LaunchScreen.storyboard; sourceTree = "<group>"; };
		6A7EA85D243903D7001995C6 /* Info.plist */ = {isa = PBXFileReference; lastKnownFileType = text.plist.xml; path = Info.plist; sourceTree = "<group>"; };
		6A7EA863243904DF001995C6 /* HomeTableViewController.swift */ = {isa = PBXFileReference; lastKnownFileType = sourcecode.swift; path = HomeTableViewController.swift; sourceTree = "<group>"; };
		6A7EA8682439055B001995C6 /* APIList.swift */ = {isa = PBXFileReference; lastKnownFileType = sourcecode.swift; path = APIList.swift; sourceTree = "<group>"; };
		6A7EA86A2439057C001995C6 /* Cours.swift */ = {isa = PBXFileReference; lastKnownFileType = sourcecode.swift; path = Cours.swift; sourceTree = "<group>"; };
		6A7EA86C24390585001995C6 /* Devoirs.swift */ = {isa = PBXFileReference; lastKnownFileType = sourcecode.swift; path = Devoirs.swift; sourceTree = "<group>"; };
		6A92175D2439AC750031C968 /* LabelTableViewCell.swift */ = {isa = PBXFileReference; lastKnownFileType = sourcecode.swift; path = LabelTableViewCell.swift; sourceTree = "<group>"; };
		6A92175F2439AC8F0031C968 /* CoursTableViewCell.swift */ = {isa = PBXFileReference; lastKnownFileType = sourcecode.swift; path = CoursTableViewCell.swift; sourceTree = "<group>"; };
		6A9217612439AE350031C968 /* DevoirsTableViewCell.swift */ = {isa = PBXFileReference; lastKnownFileType = sourcecode.swift; path = DevoirsTableViewCell.swift; sourceTree = "<group>"; };
		6A9217642439AFC50031C968 /* StringExtension.swift */ = {isa = PBXFileReference; lastKnownFileType = sourcecode.swift; path = StringExtension.swift; sourceTree = "<group>"; };
		6A9217662439B0040031C968 /* DateExtension.swift */ = {isa = PBXFileReference; lastKnownFileType = sourcecode.swift; path = DateExtension.swift; sourceTree = "<group>"; };
		6A92176B2439B50D0031C968 /* en */ = {isa = PBXFileReference; lastKnownFileType = text.plist.strings; name = en; path = en.lproj/Localizable.strings; sourceTree = "<group>"; };
		6A92176D2439B5610031C968 /* fr */ = {isa = PBXFileReference; lastKnownFileType = text.plist.strings; name = fr; path = fr.lproj/Localizable.strings; sourceTree = "<group>"; };
		6A92176E2439B68E0031C968 /* ConfigurationViewController.swift */ = {isa = PBXFileReference; lastKnownFileType = sourcecode.swift; path = ConfigurationViewController.swift; sourceTree = "<group>"; };
		6A9217702439B6AC0031C968 /* UIColorExtension.swift */ = {isa = PBXFileReference; lastKnownFileType = sourcecode.swift; path = UIColorExtension.swift; sourceTree = "<group>"; };
		6A9217722439BD5D0031C968 /* APIVerification.swift */ = {isa = PBXFileReference; lastKnownFileType = sourcecode.swift; path = APIVerification.swift; sourceTree = "<group>"; };
/* End PBXFileReference section */

/* Begin PBXFrameworksBuildPhase section */
		6A7EA849243903D6001995C6 /* Frameworks */ = {
			isa = PBXFrameworksBuildPhase;
			buildActionMask = 2147483647;
			files = (
				6A02D5E624655B42001E0C1E /* APIRequest in Frameworks */,
			);
			runOnlyForDeploymentPostprocessing = 0;
		};
/* End PBXFrameworksBuildPhase section */

/* Begin PBXGroup section */
		6A7EA843243903D6001995C6 = {
			isa = PBXGroup;
			children = (
				6A7EA84E243903D6001995C6 /* ClassBot */,
				6A7EA84D243903D6001995C6 /* Products */,
			);
			sourceTree = "<group>";
		};
		6A7EA84D243903D6001995C6 /* Products */ = {
			isa = PBXGroup;
			children = (
				6A7EA84C243903D6001995C6 /* ClassBot.app */,
			);
			name = Products;
			sourceTree = "<group>";
		};
		6A7EA84E243903D6001995C6 /* ClassBot */ = {
			isa = PBXGroup;
			children = (
				6A92175C2439AC500031C968 /* Cells */,
				6A7EA86624390530001995C6 /* Controllers */,
				6A9217632439AFA80031C968 /* Extensions */,
				6A7EA86724390535001995C6 /* Models */,
				6A7EA86524390528001995C6 /* Utils */,
				6A7EA858243903D7001995C6 /* Assets.xcassets */,
				6A7EA85A243903D7001995C6 /* LaunchScreen.storyboard */,
				6A92176C2439B50D0031C968 /* Localizable.strings */,
				6A7EA85D243903D7001995C6 /* Info.plist */,
			);
			path = ClassBot;
			sourceTree = "<group>";
		};
		6A7EA86524390528001995C6 /* Utils */ = {
			isa = PBXGroup;
			children = (
				6A7EA84F243903D6001995C6 /* AppDelegate.swift */,
			);
			path = Utils;
			sourceTree = "<group>";
		};
		6A7EA86624390530001995C6 /* Controllers */ = {
			isa = PBXGroup;
			children = (
				6A92176E2439B68E0031C968 /* ConfigurationViewController.swift */,
				6A7EA863243904DF001995C6 /* HomeTableViewController.swift */,
			);
			path = Controllers;
			sourceTree = "<group>";
		};
		6A7EA86724390535001995C6 /* Models */ = {
			isa = PBXGroup;
			children = (
				6A643636243DF56300E6FF0D /* ClassBotConfiguration.swift */,
				6A7EA8682439055B001995C6 /* APIList.swift */,
				6A9217722439BD5D0031C968 /* APIVerification.swift */,
				6A643638243E015300E6FF0D /* Classe.swift */,
				6A7EA86A2439057C001995C6 /* Cours.swift */,
				6A7EA86C24390585001995C6 /* Devoirs.swift */,
			);
			path = Models;
			sourceTree = "<group>";
		};
		6A92175C2439AC500031C968 /* Cells */ = {
			isa = PBXGroup;
			children = (
				6A92175F2439AC8F0031C968 /* CoursTableViewCell.swift */,
				6A9217612439AE350031C968 /* DevoirsTableViewCell.swift */,
				6A92175D2439AC750031C968 /* LabelTableViewCell.swift */,
			);
			path = Cells;
			sourceTree = "<group>";
		};
		6A9217632439AFA80031C968 /* Extensions */ = {
			isa = PBXGroup;
			children = (
				6A9217642439AFC50031C968 /* StringExtension.swift */,
				6A9217662439B0040031C968 /* DateExtension.swift */,
				6A9217702439B6AC0031C968 /* UIColorExtension.swift */,
			);
			path = Extensions;
			sourceTree = "<group>";
		};
/* End PBXGroup section */

/* Begin PBXNativeTarget section */
		6A7EA84B243903D6001995C6 /* ClassBot */ = {
			isa = PBXNativeTarget;
			buildConfigurationList = 6A7EA860243903D7001995C6 /* Build configuration list for PBXNativeTarget "ClassBot" */;
			buildPhases = (
				6A7EA848243903D6001995C6 /* Sources */,
				6A7EA849243903D6001995C6 /* Frameworks */,
				6A7EA84A243903D6001995C6 /* Resources */,
			);
			buildRules = (
			);
			dependencies = (
			);
			name = ClassBot;
			packageProductDependencies = (
				6A02D5E524655B42001E0C1E /* APIRequest */,
			);
			productName = ClassBot;
			productReference = 6A7EA84C243903D6001995C6 /* ClassBot.app */;
			productType = "com.apple.product-type.application";
		};
/* End PBXNativeTarget section */

/* Begin PBXProject section */
		6A7EA844243903D6001995C6 /* Project object */ = {
			isa = PBXProject;
			attributes = {
				LastSwiftUpdateCheck = 1140;
				LastUpgradeCheck = 1140;
				ORGANIZATIONNAME = "Nathan FALLET";
				TargetAttributes = {
					6A7EA84B243903D6001995C6 = {
						CreatedOnToolsVersion = 11.4;
					};
				};
			};
			buildConfigurationList = 6A7EA847243903D6001995C6 /* Build configuration list for PBXProject "ClassBot" */;
			compatibilityVersion = "Xcode 9.3";
			developmentRegion = en;
			hasScannedForEncodings = 0;
			knownRegions = (
				en,
				Base,
				fr,
			);
			mainGroup = 6A7EA843243903D6001995C6;
			packageReferences = (
				6A02D5E424655B42001E0C1E /* XCRemoteSwiftPackageReference "APIRequest.swift" */,
			);
			productRefGroup = 6A7EA84D243903D6001995C6 /* Products */;
			projectDirPath = "";
			projectRoot = "";
			targets = (
				6A7EA84B243903D6001995C6 /* ClassBot */,
			);
		};
/* End PBXProject section */

/* Begin PBXResourcesBuildPhase section */
		6A7EA84A243903D6001995C6 /* Resources */ = {
			isa = PBXResourcesBuildPhase;
			buildActionMask = 2147483647;
			files = (
				6A7EA85C243903D7001995C6 /* LaunchScreen.storyboard in Resources */,
				6A92176A2439B50D0031C968 /* Localizable.strings in Resources */,
				6A7EA859243903D7001995C6 /* Assets.xcassets in Resources */,
			);
			runOnlyForDeploymentPostprocessing = 0;
		};
/* End PBXResourcesBuildPhase section */

/* Begin PBXSourcesBuildPhase section */
		6A7EA848243903D6001995C6 /* Sources */ = {
			isa = PBXSourcesBuildPhase;
			buildActionMask = 2147483647;
			files = (
				6A7EA86D24390585001995C6 /* Devoirs.swift in Sources */,
				6A9217712439B6AC0031C968 /* UIColorExtension.swift in Sources */,
				6A643639243E015400E6FF0D /* Classe.swift in Sources */,
				6A9217672439B0040031C968 /* DateExtension.swift in Sources */,
				6A643637243DF56300E6FF0D /* ClassBotConfiguration.swift in Sources */,
				6A7EA864243904DF001995C6 /* HomeTableViewController.swift in Sources */,
				6A9217622439AE350031C968 /* DevoirsTableViewCell.swift in Sources */,
				6A92176F2439B68E0031C968 /* ConfigurationViewController.swift in Sources */,
				6A7EA8692439055B001995C6 /* APIList.swift in Sources */,
				6A7EA86B2439057C001995C6 /* Cours.swift in Sources */,
				6A9217732439BD5D0031C968 /* APIVerification.swift in Sources */,
				6A9217602439AC8F0031C968 /* CoursTableViewCell.swift in Sources */,
				6A92175E2439AC750031C968 /* LabelTableViewCell.swift in Sources */,
				6A9217652439AFC50031C968 /* StringExtension.swift in Sources */,
				6A7EA850243903D6001995C6 /* AppDelegate.swift in Sources */,
			);
			runOnlyForDeploymentPostprocessing = 0;
		};
/* End PBXSourcesBuildPhase section */

/* Begin PBXVariantGroup section */
		6A7EA85A243903D7001995C6 /* LaunchScreen.storyboard */ = {
			isa = PBXVariantGroup;
			children = (
				6A7EA85B243903D7001995C6 /* Base */,
			);
			name = LaunchScreen.storyboard;
			sourceTree = "<group>";
		};
		6A92176C2439B50D0031C968 /* Localizable.strings */ = {
			isa = PBXVariantGroup;
			children = (
				6A92176B2439B50D0031C968 /* en */,
				6A92176D2439B5610031C968 /* fr */,
			);
			name = Localizable.strings;
			sourceTree = "<group>";
		};
/* End PBXVariantGroup section */

/* Begin XCBuildConfiguration section */
		6A7EA85E243903D7001995C6 /* Debug */ = {
			isa = XCBuildConfiguration;
			buildSettings = {
				ALWAYS_SEARCH_USER_PATHS = NO;
				CLANG_ANALYZER_LOCALIZABILITY_NONLOCALIZED = YES;
				CLANG_ANALYZER_NONNULL = YES;
				CLANG_ANALYZER_NUMBER_OBJECT_CONVERSION = YES_AGGRESSIVE;
				CLANG_CXX_LANGUAGE_STANDARD = "gnu++14";
				CLANG_CXX_LIBRARY = "libc++";
				CLANG_ENABLE_MODULES = YES;
				CLANG_ENABLE_OBJC_ARC = YES;
				CLANG_ENABLE_OBJC_WEAK = YES;
				CLANG_WARN_BLOCK_CAPTURE_AUTORELEASING = YES;
				CLANG_WARN_BOOL_CONVERSION = YES;
				CLANG_WARN_COMMA = YES;
				CLANG_WARN_CONSTANT_CONVERSION = YES;
				CLANG_WARN_DEPRECATED_OBJC_IMPLEMENTATIONS = YES;
				CLANG_WARN_DIRECT_OBJC_ISA_USAGE = YES_ERROR;
				CLANG_WARN_DOCUMENTATION_COMMENTS = YES;
				CLANG_WARN_EMPTY_BODY = YES;
				CLANG_WARN_ENUM_CONVERSION = YES;
				CLANG_WARN_INFINITE_RECURSION = YES;
				CLANG_WARN_INT_CONVERSION = YES;
				CLANG_WARN_NON_LITERAL_NULL_CONVERSION = YES;
				CLANG_WARN_OBJC_IMPLICIT_RETAIN_SELF = YES;
				CLANG_WARN_OBJC_LITERAL_CONVERSION = YES;
				CLANG_WARN_OBJC_ROOT_CLASS = YES_ERROR;
				CLANG_WARN_RANGE_LOOP_ANALYSIS = YES;
				CLANG_WARN_STRICT_PROTOTYPES = YES;
				CLANG_WARN_SUSPICIOUS_MOVE = YES;
				CLANG_WARN_UNGUARDED_AVAILABILITY = YES_AGGRESSIVE;
				CLANG_WARN_UNREACHABLE_CODE = YES;
				CLANG_WARN__DUPLICATE_METHOD_MATCH = YES;
				COPY_PHASE_STRIP = NO;
				DEBUG_INFORMATION_FORMAT = dwarf;
				ENABLE_STRICT_OBJC_MSGSEND = YES;
				ENABLE_TESTABILITY = YES;
				GCC_C_LANGUAGE_STANDARD = gnu11;
				GCC_DYNAMIC_NO_PIC = NO;
				GCC_NO_COMMON_BLOCKS = YES;
				GCC_OPTIMIZATION_LEVEL = 0;
				GCC_PREPROCESSOR_DEFINITIONS = (
					"DEBUG=1",
					"$(inherited)",
				);
				GCC_WARN_64_TO_32_BIT_CONVERSION = YES;
				GCC_WARN_ABOUT_RETURN_TYPE = YES_ERROR;
				GCC_WARN_UNDECLARED_SELECTOR = YES;
				GCC_WARN_UNINITIALIZED_AUTOS = YES_AGGRESSIVE;
				GCC_WARN_UNUSED_FUNCTION = YES;
				GCC_WARN_UNUSED_VARIABLE = YES;
				IPHONEOS_DEPLOYMENT_TARGET = 13.4;
				MTL_ENABLE_DEBUG_INFO = INCLUDE_SOURCE;
				MTL_FAST_MATH = YES;
				ONLY_ACTIVE_ARCH = YES;
				SDKROOT = iphoneos;
				SWIFT_ACTIVE_COMPILATION_CONDITIONS = DEBUG;
				SWIFT_OPTIMIZATION_LEVEL = "-Onone";
			};
			name = Debug;
		};
		6A7EA85F243903D7001995C6 /* Release */ = {
			isa = XCBuildConfiguration;
			buildSettings = {
				ALWAYS_SEARCH_USER_PATHS = NO;
				CLANG_ANALYZER_LOCALIZABILITY_NONLOCALIZED = YES;
				CLANG_ANALYZER_NONNULL = YES;
				CLANG_ANALYZER_NUMBER_OBJECT_CONVERSION = YES_AGGRESSIVE;
				CLANG_CXX_LANGUAGE_STANDARD = "gnu++14";
				CLANG_CXX_LIBRARY = "libc++";
				CLANG_ENABLE_MODULES = YES;
				CLANG_ENABLE_OBJC_ARC = YES;
				CLANG_ENABLE_OBJC_WEAK = YES;
				CLANG_WARN_BLOCK_CAPTURE_AUTORELEASING = YES;
				CLANG_WARN_BOOL_CONVERSION = YES;
				CLANG_WARN_COMMA = YES;
				CLANG_WARN_CONSTANT_CONVERSION = YES;
				CLANG_WARN_DEPRECATED_OBJC_IMPLEMENTATIONS = YES;
				CLANG_WARN_DIRECT_OBJC_ISA_USAGE = YES_ERROR;
				CLANG_WARN_DOCUMENTATION_COMMENTS = YES;
				CLANG_WARN_EMPTY_BODY = YES;
				CLANG_WARN_ENUM_CONVERSION = YES;
				CLANG_WARN_INFINITE_RECURSION = YES;
				CLANG_WARN_INT_CONVERSION = YES;
				CLANG_WARN_NON_LITERAL_NULL_CONVERSION = YES;
				CLANG_WARN_OBJC_IMPLICIT_RETAIN_SELF = YES;
				CLANG_WARN_OBJC_LITERAL_CONVERSION = YES;
				CLANG_WARN_OBJC_ROOT_CLASS = YES_ERROR;
				CLANG_WARN_RANGE_LOOP_ANALYSIS = YES;
				CLANG_WARN_STRICT_PROTOTYPES = YES;
				CLANG_WARN_SUSPICIOUS_MOVE = YES;
				CLANG_WARN_UNGUARDED_AVAILABILITY = YES_AGGRESSIVE;
				CLANG_WARN_UNREACHABLE_CODE = YES;
				CLANG_WARN__DUPLICATE_METHOD_MATCH = YES;
				COPY_PHASE_STRIP = NO;
				DEBUG_INFORMATION_FORMAT = "dwarf-with-dsym";
				ENABLE_NS_ASSERTIONS = NO;
				ENABLE_STRICT_OBJC_MSGSEND = YES;
				GCC_C_LANGUAGE_STANDARD = gnu11;
				GCC_NO_COMMON_BLOCKS = YES;
				GCC_WARN_64_TO_32_BIT_CONVERSION = YES;
				GCC_WARN_ABOUT_RETURN_TYPE = YES_ERROR;
				GCC_WARN_UNDECLARED_SELECTOR = YES;
				GCC_WARN_UNINITIALIZED_AUTOS = YES_AGGRESSIVE;
				GCC_WARN_UNUSED_FUNCTION = YES;
				GCC_WARN_UNUSED_VARIABLE = YES;
				IPHONEOS_DEPLOYMENT_TARGET = 13.4;
				MTL_ENABLE_DEBUG_INFO = NO;
				MTL_FAST_MATH = YES;
				SDKROOT = iphoneos;
				SWIFT_COMPILATION_MODE = wholemodule;
				SWIFT_OPTIMIZATION_LEVEL = "-O";
				VALIDATE_PRODUCT = YES;
			};
			name = Release;
		};
		6A7EA861243903D7001995C6 /* Debug */ = {
			isa = XCBuildConfiguration;
			buildSettings = {
				ASSETCATALOG_COMPILER_APPICON_NAME = AppIcon;
				CODE_SIGN_STYLE = Automatic;
				CURRENT_PROJECT_VERSION = 5;
				DEVELOPMENT_TEAM = ZL9396WK65;
				INFOPLIST_FILE = ClassBot/Info.plist;
				IPHONEOS_DEPLOYMENT_TARGET = 11.0;
				LD_RUNPATH_SEARCH_PATHS = (
					"$(inherited)",
					"@executable_path/Frameworks",
				);
				PRODUCT_BUNDLE_IDENTIFIER = me.nathanfallet.ClassBot;
				PRODUCT_NAME = "$(TARGET_NAME)";
				SWIFT_VERSION = 5.0;
				TARGETED_DEVICE_FAMILY = "1,2";
			};
			name = Debug;
		};
		6A7EA862243903D7001995C6 /* Release */ = {
			isa = XCBuildConfiguration;
			buildSettings = {
				ASSETCATALOG_COMPILER_APPICON_NAME = AppIcon;
				CODE_SIGN_STYLE = Automatic;
				CURRENT_PROJECT_VERSION = 5;
				DEVELOPMENT_TEAM = ZL9396WK65;
				INFOPLIST_FILE = ClassBot/Info.plist;
				IPHONEOS_DEPLOYMENT_TARGET = 11.0;
				LD_RUNPATH_SEARCH_PATHS = (
					"$(inherited)",
					"@executable_path/Frameworks",
				);
				PRODUCT_BUNDLE_IDENTIFIER = me.nathanfallet.ClassBot;
				PRODUCT_NAME = "$(TARGET_NAME)";
				SWIFT_VERSION = 5.0;
				TARGETED_DEVICE_FAMILY = "1,2";
			};
			name = Release;
		};
/* End XCBuildConfiguration section */

/* Begin XCConfigurationList section */
		6A7EA847243903D6001995C6 /* Build configuration list for PBXProject "ClassBot" */ = {
			isa = XCConfigurationList;
			buildConfigurations = (
				6A7EA85E243903D7001995C6 /* Debug */,
				6A7EA85F243903D7001995C6 /* Release */,
			);
			defaultConfigurationIsVisible = 0;
			defaultConfigurationName = Release;
		};
		6A7EA860243903D7001995C6 /* Build configuration list for PBXNativeTarget "ClassBot" */ = {
			isa = XCConfigurationList;
			buildConfigurations = (
				6A7EA861243903D7001995C6 /* Debug */,
				6A7EA862243903D7001995C6 /* Release */,
			);
			defaultConfigurationIsVisible = 0;
			defaultConfigurationName = Release;
		};
/* End XCConfigurationList section */

/* Begin XCRemoteSwiftPackageReference section */
		6A02D5E424655B42001E0C1E /* XCRemoteSwiftPackageReference "APIRequest.swift" */ = {
			isa = XCRemoteSwiftPackageReference;
			repositoryURL = "https://github.com/GroupeMINASTE/APIRequest.swift.git";
			requirement = {
				kind = upToNextMajorVersion;
				minimumVersion = 1.0.0;
			};
		};
/* End XCRemoteSwiftPackageReference section */

/* Begin XCSwiftPackageProductDependency section */
		6A02D5E524655B42001E0C1E /* APIRequest */ = {
			isa = XCSwiftPackageProductDependency;
			package = 6A02D5E424655B42001E0C1E /* XCRemoteSwiftPackageReference "APIRequest.swift" */;
			productName = APIRequest;
		};
/* End XCSwiftPackageProductDependency section */
	};
	rootObject = 6A7EA844243903D6001995C6 /* Project object */;
}
